
Microsoft Visual Studio Solution File, Format Version 12.00
# Visual Studio Version 17
VisualStudioVersion = 17.3.32922.545
MinimumVisualStudioVersion = 10.0.40219.1
Project("{FAE04EC0-301F-11D3-BF4B-00C04F79EFBC}") = "Libraryku", "Libraryku\Libraryku.csproj", "{F4C6D36E-C377-4845-8B81-EB47D7FB4FC1}"
EndProject
Global
	GlobalSection(SolutionConfigurationPlatforms) = preSolution
		Debug|Any CPU = Debug|Any CPU
		Release|Any CPU = Release|Any CPU
	EndGlobalSection
	GlobalSection(ProjectConfigurationPlatforms) = postSolution
		{F4C6D36E-C377-4845-8B81-EB47D7FB4FC1}.Debug|Any CPU.ActiveCfg = Debug|Any CPU
		{F4C6D36E-C377-4845-8B81-EB47D7FB4FC1}.Debug|Any CPU.Build.0 = Debug|Any CPU
		{F4C6D36E-C377-4845-8B81-EB47D7FB4FC1}.Release|Any CPU.ActiveCfg = Release|Any CPU
		{F4C6D36E-C377-4845-8B81-EB47D7FB4FC1}.Release|Any CPU.Build.0 = Release|Any CPU
	EndGlobalSection
	GlobalSection(SolutionProperties) = preSolution
		HideSolutionNode = FALSE
	EndGlobalSection
	GlobalSection(ExtensibilityGlobals) = postSolution
		SolutionGuid = {934F77CB-8F0C-46B9-A331-18FD1B0A5A64}
	EndGlobalSection
EndGlobal
